
Microsoft Visual Studio Solution File, Format Version 12.00
# Visual Studio Version 16
VisualStudioVersion = 16.0.30309.148
MinimumVisualStudioVersion = 10.0.40219.1
Project("{FAE04EC0-301F-11D3-BF4B-00C04F79EFBC}") = "Lesson 4 - Time and Sound", "Lesson 4 - Time and Sound.csproj", "{4D2E2722-74FB-452D-959C-F1F2DA3BFDF3}"
EndProject
Global
	GlobalSection(SolutionConfigurationPlatforms) = preSolution
		Debug|Any CPU = Debug|Any CPU
		Release|Any CPU = Release|Any CPU
	EndGlobalSection
	GlobalSection(ProjectConfigurationPlatforms) = postSolution
		{4D2E2722-74FB-452D-959C-F1F2DA3BFDF3}.Debug|Any CPU.ActiveCfg = Debug|Any CPU
		{4D2E2722-74FB-452D-959C-F1F2DA3BFDF3}.Debug|Any CPU.Build.0 = Debug|Any CPU
		{4D2E2722-74FB-452D-959C-F1F2DA3BFDF3}.Release|Any CPU.ActiveCfg = Release|Any CPU
		{4D2E2722-74FB-452D-959C-F1F2DA3BFDF3}.Release|Any CPU.Build.0 = Release|Any CPU
	EndGlobalSection
	GlobalSection(SolutionProperties) = preSolution
		HideSolutionNode = FALSE
	EndGlobalSection
	GlobalSection(ExtensibilityGlobals) = postSolution
		SolutionGuid = {F83CBA89-F885-444D-B0B8-F46F7DD2F234}
	EndGlobalSection
EndGlobal
